
Microsoft Visual Studio Solution File, Format Version 12.00
# Visual Studio Version 16
VisualStudioVersion = 16.0.30804.86
MinimumVisualStudioVersion = 10.0.40219.1
Project("{FAE04EC0-301F-11D3-BF4B-00C04F79EFBC}") = "5-summa-chisel", "5-summa-chisel\5-summa-chisel.csproj", "{99BAD9B1-5A02-4F54-8100-A602D0EAE85B}"
EndProject
Global
	GlobalSection(SolutionConfigurationPlatforms) = preSolution
		Debug|Any CPU = Debug|Any CPU
		Release|Any CPU = Release|Any CPU
	EndGlobalSection
	GlobalSection(ProjectConfigurationPlatforms) = postSolution
		{99BAD9B1-5A02-4F54-8100-A602D0EAE85B}.Debug|Any CPU.ActiveCfg = Debug|Any CPU
		{99BAD9B1-5A02-4F54-8100-A602D0EAE85B}.Debug|Any CPU.Build.0 = Debug|Any CPU
		{99BAD9B1-5A02-4F54-8100-A602D0EAE85B}.Release|Any CPU.ActiveCfg = Release|Any CPU
		{99BAD9B1-5A02-4F54-8100-A602D0EAE85B}.Release|Any CPU.Build.0 = Release|Any CPU
	EndGlobalSection
	GlobalSection(SolutionProperties) = preSolution
		HideSolutionNode = FALSE
	EndGlobalSection
	GlobalSection(ExtensibilityGlobals) = postSolution
		SolutionGuid = {5C014897-19DE-4B01-B581-C8722833267C}
	EndGlobalSection
EndGlobal
